
Microsoft Visual Studio Solution File, Format Version 12.00
# Visual Studio Version 16
VisualStudioVersion = 16.0.34729.46
MinimumVisualStudioVersion = 10.0.40219.1
Project("{FAE04EC0-301F-11D3-BF4B-00C04F79EFBC}") = "FooBarGenerator", "FooBarGenerator.csproj", "{F4A9A234-8398-4794-8AFB-788629C9E0B5}"
EndProject
Global
	GlobalSection(SolutionConfigurationPlatforms) = preSolution
		Debug|Any CPU = Debug|Any CPU
		Release|Any CPU = Release|Any CPU
	EndGlobalSection
	GlobalSection(ProjectConfigurationPlatforms) = postSolution
		{F4A9A234-8398-4794-8AFB-788629C9E0B5}.Debug|Any CPU.ActiveCfg = Debug|Any CPU
		{F4A9A234-8398-4794-8AFB-788629C9E0B5}.Debug|Any CPU.Build.0 = Debug|Any CPU
		{F4A9A234-8398-4794-8AFB-788629C9E0B5}.Release|Any CPU.ActiveCfg = Release|Any CPU
		{F4A9A234-8398-4794-8AFB-788629C9E0B5}.Release|Any CPU.Build.0 = Release|Any CPU
	EndGlobalSection
	GlobalSection(SolutionProperties) = preSolution
		HideSolutionNode = FALSE
	EndGlobalSection
	GlobalSection(ExtensibilityGlobals) = postSolution
		SolutionGuid = {B03D6167-41B5-4A9A-B431-D96128192E03}
	EndGlobalSection
EndGlobal
